
Microsoft Visual Studio Solution File, Format Version 12.00
# Visual Studio Version 17
VisualStudioVersion = 17.6.33829.357
MinimumVisualStudioVersion = 10.0.40219.1
Project("{FAE04EC0-301F-11D3-BF4B-00C04F79EFBC}") = "asp.netCoreWebAppFirstApp", "asp.netCoreWebAppFirstApp\asp.netCoreWebAppFirstApp.csproj", "{865FB2A0-F4D0-4EB1-AB3D-BC9E09A12599}"
EndProject
Global
	GlobalSection(SolutionConfigurationPlatforms) = preSolution
		Debug|Any CPU = Debug|Any CPU
		Release|Any CPU = Release|Any CPU
	EndGlobalSection
	GlobalSection(ProjectConfigurationPlatforms) = postSolution
		{865FB2A0-F4D0-4EB1-AB3D-BC9E09A12599}.Debug|Any CPU.ActiveCfg = Debug|Any CPU
		{865FB2A0-F4D0-4EB1-AB3D-BC9E09A12599}.Debug|Any CPU.Build.0 = Debug|Any CPU
		{865FB2A0-F4D0-4EB1-AB3D-BC9E09A12599}.Release|Any CPU.ActiveCfg = Release|Any CPU
		{865FB2A0-F4D0-4EB1-AB3D-BC9E09A12599}.Release|Any CPU.Build.0 = Release|Any CPU
	EndGlobalSection
	GlobalSection(SolutionProperties) = preSolution
		HideSolutionNode = FALSE
	EndGlobalSection
	GlobalSection(ExtensibilityGlobals) = postSolution
		SolutionGuid = {53F5095D-66EC-4BE7-90AE-36F22E607023}
	EndGlobalSection
EndGlobal
